// !$*UTF8*$!
{
	archiveVersion = 1;
	classes = {
	};
	objectVersion = 50;
	objects = {

/* Begin PBXBuildFile section */
		50FFCF90240BC9430054A937 /* AppDelegate.swift in Sources */ = {isa = PBXBuildFile; fileRef = 50FFCF8F240BC9430054A937 /* AppDelegate.swift */; };
		50FFCF92240BC9430054A937 /* ViewController.swift in Sources */ = {isa = PBXBuildFile; fileRef = 50FFCF91240BC9430054A937 /* ViewController.swift */; };
		50FFCF94240BC9440054A937 /* Assets.xcassets in Resources */ = {isa = PBXBuildFile; fileRef = 50FFCF93240BC9440054A937 /* Assets.xcassets */; };
		50FFCF97240BC9440054A937 /* Main.storyboard in Resources */ = {isa = PBXBuildFile; fileRef = 50FFCF95240BC9440054A937 /* Main.storyboard */; };
		50FFCFA0240BD5040054A937 /* VerticalTableScrollView.swift in Sources */ = {isa = PBXBuildFile; fileRef = 50FFCF9F240BD5040054A937 /* VerticalTableScrollView.swift */; };
/* End PBXBuildFile section */

/* Begin PBXFileReference section */
		50FFCF8C240BC9430054A937 /* NSTableView-VerticalScroll.app */ = {isa = PBXFileReference; explicitFileType = wrapper.application; includeInIndex = 0; path = "NSTableView-VerticalScroll.app"; sourceTree = BUILT_PRODUCTS_DIR; };
		50FFCF8F240BC9430054A937 /* AppDelegate.swift */ = {isa = PBXFileReference; lastKnownFileType = sourcecode.swift; path = AppDelegate.swift; sourceTree = "<group>"; };
		50FFCF91240BC9430054A937 /* ViewController.swift */ = {isa = PBXFileReference; lastKnownFileType = sourcecode.swift; path = ViewController.swift; sourceTree = "<group>"; };
		50FFCF93240BC9440054A937 /* Assets.xcassets */ = {isa = PBXFileReference; lastKnownFileType = folder.assetcatalog; path = Assets.xcassets; sourceTree = "<group>"; };
		50FFCF96240BC9440054A937 /* Base */ = {isa = PBXFileReference; lastKnownFileType = file.storyboard; name = Base; path = Base.lproj/Main.storyboard; sourceTree = "<group>"; };
		50FFCF98240BC9440054A937 /* Info.plist */ = {isa = PBXFileReference; lastKnownFileType = text.plist.xml; path = Info.plist; sourceTree = "<group>"; };
		50FFCF9F240BD5040054A937 /* VerticalTableScrollView.swift */ = {isa = PBXFileReference; lastKnownFileType = sourcecode.swift; path = VerticalTableScrollView.swift; sourceTree = "<group>"; };
		50FFCFA2240BE04A0054A937 /* NSTableView-VerticalScroll.entitlements */ = {isa = PBXFileReference; lastKnownFileType = text.plist.entitlements; path = "NSTableView-VerticalScroll.entitlements"; sourceTree = "<group>"; };
		50FFCFA3240BE0C70054A937 /* README.md */ = {isa = PBXFileReference; lastKnownFileType = net.daringfireball.markdown; path = README.md; sourceTree = SOURCE_ROOT; };
/* End PBXFileReference section */

/* Begin PBXFrameworksBuildPhase section */
		50FFCF89240BC9430054A937 /* Frameworks */ = {
			isa = PBXFrameworksBuildPhase;
			buildActionMask = 2147483647;
			files = (
			);
			runOnlyForDeploymentPostprocessing = 0;
		};
/* End PBXFrameworksBuildPhase section */

/* Begin PBXGroup section */
		50FFCF83240BC9430054A937 = {
			isa = PBXGroup;
			children = (
				50FFCF8E240BC9430054A937 /* NSTableView-VerticalScroll */,
				50FFCF8D240BC9430054A937 /* Products */,
			);
			sourceTree = "<group>";
		};
		50FFCF8D240BC9430054A937 /* Products */ = {
			isa = PBXGroup;
			children = (
				50FFCF8C240BC9430054A937 /* NSTableView-VerticalScroll.app */,
			);
			name = Products;
			sourceTree = "<group>";
		};
		50FFCF8E240BC9430054A937 /* NSTableView-VerticalScroll */ = {
			isa = PBXGroup;
			children = (
				50FFCF8F240BC9430054A937 /* AppDelegate.swift */,
				50FFCF91240BC9430054A937 /* ViewController.swift */,
				50FFCFA3240BE0C70054A937 /* README.md */,
				50FFCF93240BC9440054A937 /* Assets.xcassets */,
				50FFCF95240BC9440054A937 /* Main.storyboard */,
				50FFCF9F240BD5040054A937 /* VerticalTableScrollView.swift */,
				50FFCF98240BC9440054A937 /* Info.plist */,
				50FFCFA2240BE04A0054A937 /* NSTableView-VerticalScroll.entitlements */,
			);
			path = "NSTableView-VerticalScroll";
			sourceTree = "<group>";
		};
/* End PBXGroup section */

/* Begin PBXNativeTarget section */
		50FFCF8B240BC9430054A937 /* NSTableView-VerticalScroll */ = {
			isa = PBXNativeTarget;
			buildConfigurationList = 50FFCF9C240BC9440054A937 /* Build configuration list for PBXNativeTarget "NSTableView-VerticalScroll" */;
			buildPhases = (
				50FFCF88240BC9430054A937 /* Sources */,
				50FFCF89240BC9430054A937 /* Frameworks */,
				50FFCF8A240BC9430054A937 /* Resources */,
			);
			buildRules = (
			);
			dependencies = (
			);
			name = "NSTableView-VerticalScroll";
			productName = tablevertical;
			productReference = 50FFCF8C240BC9430054A937 /* NSTableView-VerticalScroll.app */;
			productType = "com.apple.product-type.application";
		};
/* End PBXNativeTarget section */

/* Begin PBXProject section */
		50FFCF84240BC9430054A937 /* Project object */ = {
			isa = PBXProject;
			attributes = {
				LastSwiftUpdateCheck = 1130;
				LastUpgradeCheck = 1130;
				ORGANIZATIONNAME = "Pascal Braband";
				TargetAttributes = {
					50FFCF8B240BC9430054A937 = {
						CreatedOnToolsVersion = 11.3.1;
					};
				};
			};
			buildConfigurationList = 50FFCF87240BC9430054A937 /* Build configuration list for PBXProject "NSTableView-VerticalScroll" */;
			compatibilityVersion = "Xcode 9.3";
			developmentRegion = en;
			hasScannedForEncodings = 0;
			knownRegions = (
				en,
				Base,
			);
			mainGroup = 50FFCF83240BC9430054A937;
			productRefGroup = 50FFCF8D240BC9430054A937 /* Products */;
			projectDirPath = "";
			projectRoot = "";
			targets = (
				50FFCF8B240BC9430054A937 /* NSTableView-VerticalScroll */,
			);
		};
/* End PBXProject section */

/* Begin PBXResourcesBuildPhase section */
		50FFCF8A240BC9430054A937 /* Resources */ = {
			isa = PBXResourcesBuildPhase;
			buildActionMask = 2147483647;
			files = (
				50FFCF94240BC9440054A937 /* Assets.xcassets in Resources */,
				50FFCF97240BC9440054A937 /* Main.storyboard in Resources */,
			);
			runOnlyForDeploymentPostprocessing = 0;
		};
/* End PBXResourcesBuildPhase section */

/* Begin PBXSourcesBuildPhase section */
		50FFCF88240BC9430054A937 /* Sources */ = {
			isa = PBXSourcesBuildPhase;
			buildActionMask = 2147483647;
			files = (
				50FFCF92240BC9430054A937 /* ViewController.swift in Sources */,
				50FFCFA0240BD5040054A937 /* VerticalTableScrollView.swift in Sources */,
				50FFCF90240BC9430054A937 /* AppDelegate.swift in Sources */,
			);
			runOnlyForDeploymentPostprocessing = 0;
		};
/* End PBXSourcesBuildPhase section */

/* Begin PBXVariantGroup section */
		50FFCF95240BC9440054A937 /* Main.storyboard */ = {
			isa = PBXVariantGroup;
			children = (
				50FFCF96240BC9440054A937 /* Base */,
			);
			name = Main.storyboard;
			sourceTree = "<group>";
		};
/* End PBXVariantGroup section */

/* Begin XCBuildConfiguration section */
		50FFCF9A240BC9440054A937 /* Debug */ = {
			isa = XCBuildConfiguration;
			buildSettings = {
				ALWAYS_SEARCH_USER_PATHS = NO;
				CLANG_ANALYZER_NONNULL = YES;
				CLANG_ANALYZER_NUMBER_OBJECT_CONVERSION = YES_AGGRESSIVE;
				CLANG_CXX_LANGUAGE_STANDARD = "gnu++14";
				CLANG_CXX_LIBRARY = "libc++";
				CLANG_ENABLE_MODULES = YES;
				CLANG_ENABLE_OBJC_ARC = YES;
				CLANG_ENABLE_OBJC_WEAK = YES;
				CLANG_WARN_BLOCK_CAPTURE_AUTORELEASING = YES;
				CLANG_WARN_BOOL_CONVERSION = YES;
				CLANG_WARN_COMMA = YES;
				CLANG_WARN_CONSTANT_CONVERSION = YES;
				CLANG_WARN_DEPRECATED_OBJC_IMPLEMENTATIONS = YES;
				CLANG_WARN_DIRECT_OBJC_ISA_USAGE = YES_ERROR;
				CLANG_WARN_DOCUMENTATION_COMMENTS = YES;
				CLANG_WARN_EMPTY_BODY = YES;
				CLANG_WARN_ENUM_CONVERSION = YES;
				CLANG_WARN_INFINITE_RECURSION = YES;
				CLANG_WARN_INT_CONVERSION = YES;
				CLANG_WARN_NON_LITERAL_NULL_CONVERSION = YES;
				CLANG_WARN_OBJC_IMPLICIT_RETAIN_SELF = YES;
				CLANG_WARN_OBJC_LITERAL_CONVERSION = YES;
				CLANG_WARN_OBJC_ROOT_CLASS = YES_ERROR;
				CLANG_WARN_RANGE_LOOP_ANALYSIS = YES;
				CLANG_WARN_STRICT_PROTOTYPES = YES;
				CLANG_WARN_SUSPICIOUS_MOVE = YES;
				CLANG_WARN_UNGUARDED_AVAILABILITY = YES_AGGRESSIVE;
				CLANG_WARN_UNREACHABLE_CODE = YES;
				CLANG_WARN__DUPLICATE_METHOD_MATCH = YES;
				COPY_PHASE_STRIP = NO;
				DEBUG_INFORMATION_FORMAT = dwarf;
				ENABLE_STRICT_OBJC_MSGSEND = YES;
				ENABLE_TESTABILITY = YES;
				GCC_C_LANGUAGE_STANDARD = gnu11;
				GCC_DYNAMIC_NO_PIC = NO;
				GCC_NO_COMMON_BLOCKS = YES;
				GCC_OPTIMIZATION_LEVEL = 0;
				GCC_PREPROCESSOR_DEFINITIONS = (
					"DEBUG=1",
					"$(inherited)",
				);
				GCC_WARN_64_TO_32_BIT_CONVERSION = YES;
				GCC_WARN_ABOUT_RETURN_TYPE = YES_ERROR;
				GCC_WARN_UNDECLARED_SELECTOR = YES;
				GCC_WARN_UNINITIALIZED_AUTOS = YES_AGGRESSIVE;
				GCC_WARN_UNUSED_FUNCTION = YES;
				GCC_WARN_UNUSED_VARIABLE = YES;
				MACOSX_DEPLOYMENT_TARGET = 10.15;
				MTL_ENABLE_DEBUG_INFO = INCLUDE_SOURCE;
				MTL_FAST_MATH = YES;
				ONLY_ACTIVE_ARCH = YES;
				SDKROOT = macosx;
				SWIFT_ACTIVE_COMPILATION_CONDITIONS = DEBUG;
				SWIFT_OPTIMIZATION_LEVEL = "-Onone";
			};
			name = Debug;
		};
		50FFCF9B240BC9440054A937 /* Release */ = {
			isa = XCBuildConfiguration;
			buildSettings = {
				ALWAYS_SEARCH_USER_PATHS = NO;
				CLANG_ANALYZER_NONNULL = YES;
				CLANG_ANALYZER_NUMBER_OBJECT_CONVERSION = YES_AGGRESSIVE;
				CLANG_CXX_LANGUAGE_STANDARD = "gnu++14";
				CLANG_CXX_LIBRARY = "libc++";
				CLANG_ENABLE_MODULES = YES;
				CLANG_ENABLE_OBJC_ARC = YES;
				CLANG_ENABLE_OBJC_WEAK = YES;
				CLANG_WARN_BLOCK_CAPTURE_AUTORELEASING = YES;
				CLANG_WARN_BOOL_CONVERSION = YES;
				CLANG_WARN_COMMA = YES;
				CLANG_WARN_CONSTANT_CONVERSION = YES;
				CLANG_WARN_DEPRECATED_OBJC_IMPLEMENTATIONS = YES;
				CLANG_WARN_DIRECT_OBJC_ISA_USAGE = YES_ERROR;
				CLANG_WARN_DOCUMENTATION_COMMENTS = YES;
				CLANG_WARN_EMPTY_BODY = YES;
				CLANG_WARN_ENUM_CONVERSION = YES;
				CLANG_WARN_INFINITE_RECURSION = YES;
				CLANG_WARN_INT_CONVERSION = YES;
				CLANG_WARN_NON_LITERAL_NULL_CONVERSION = YES;
				CLANG_WARN_OBJC_IMPLICIT_RETAIN_SELF = YES;
				CLANG_WARN_OBJC_LITERAL_CONVERSION = YES;
				CLANG_WARN_OBJC_ROOT_CLASS = YES_ERROR;
				CLANG_WARN_RANGE_LOOP_ANALYSIS = YES;
				CLANG_WARN_STRICT_PROTOTYPES = YES;
				CLANG_WARN_SUSPICIOUS_MOVE = YES;
				CLANG_WARN_UNGUARDED_AVAILABILITY = YES_AGGRESSIVE;
				CLANG_WARN_UNREACHABLE_CODE = YES;
				CLANG_WARN__DUPLICATE_METHOD_MATCH = YES;
				COPY_PHASE_STRIP = NO;
				DEBUG_INFORMATION_FORMAT = "dwarf-with-dsym";
				ENABLE_NS_ASSERTIONS = NO;
				ENABLE_STRICT_OBJC_MSGSEND = YES;
				GCC_C_LANGUAGE_STANDARD = gnu11;
				GCC_NO_COMMON_BLOCKS = YES;
				GCC_WARN_64_TO_32_BIT_CONVERSION = YES;
				GCC_WARN_ABOUT_RETURN_TYPE = YES_ERROR;
				GCC_WARN_UNDECLARED_SELECTOR = YES;
				GCC_WARN_UNINITIALIZED_AUTOS = YES_AGGRESSIVE;
				GCC_WARN_UNUSED_FUNCTION = YES;
				GCC_WARN_UNUSED_VARIABLE = YES;
				MACOSX_DEPLOYMENT_TARGET = 10.15;
				MTL_ENABLE_DEBUG_INFO = NO;
				MTL_FAST_MATH = YES;
				SDKROOT = macosx;
				SWIFT_COMPILATION_MODE = wholemodule;
				SWIFT_OPTIMIZATION_LEVEL = "-O";
			};
			name = Release;
		};
		50FFCF9D240BC9440054A937 /* Debug */ = {
			isa = XCBuildConfiguration;
			buildSettings = {
				ASSETCATALOG_COMPILER_APPICON_NAME = AppIcon;
				CODE_SIGN_ENTITLEMENTS = "NSTableView-VerticalScroll/NSTableView-VerticalScroll.entitlements";
				CODE_SIGN_STYLE = Automatic;
				COMBINE_HIDPI_IMAGES = YES;
				DEVELOPMENT_TEAM = NL97TS4Q9A;
				ENABLE_HARDENED_RUNTIME = YES;
				INFOPLIST_FILE = "NSTableView-VerticalScroll/Info.plist";
				LD_RUNPATH_SEARCH_PATHS = (
					"$(inherited)",
					"@executable_path/../Frameworks",
				);
				PRODUCT_BUNDLE_IDENTIFIER = "de.pascalbraband.NSTableView-VerticalScroll";
				PRODUCT_NAME = "$(TARGET_NAME)";
				SWIFT_VERSION = 5.0;
			};
			name = Debug;
		};
		50FFCF9E240BC9440054A937 /* Release */ = {
			isa = XCBuildConfiguration;
			buildSettings = {
				ASSETCATALOG_COMPILER_APPICON_NAME = AppIcon;
				CODE_SIGN_ENTITLEMENTS = "NSTableView-VerticalScroll/NSTableView-VerticalScroll.entitlements";
				CODE_SIGN_STYLE = Automatic;
				COMBINE_HIDPI_IMAGES = YES;
				DEVELOPMENT_TEAM = NL97TS4Q9A;
				ENABLE_HARDENED_RUNTIME = YES;
				INFOPLIST_FILE = "NSTableView-VerticalScroll/Info.plist";
				LD_RUNPATH_SEARCH_PATHS = (
					"$(inherited)",
					"@executable_path/../Frameworks",
				);
				PRODUCT_BUNDLE_IDENTIFIER = "de.pascalbraband.NSTableView-VerticalScroll";
				PRODUCT_NAME = "$(TARGET_NAME)";
				SWIFT_VERSION = 5.0;
			};
			name = Release;
		};
/* End XCBuildConfiguration section */

/* Begin XCConfigurationList section */
		50FFCF87240BC9430054A937 /* Build configuration list for PBXProject "NSTableView-VerticalScroll" */ = {
			isa = XCConfigurationList;
			buildConfigurations = (
				50FFCF9A240BC9440054A937 /* Debug */,
				50FFCF9B240BC9440054A937 /* Release */,
			);
			defaultConfigurationIsVisible = 0;
			defaultConfigurationName = Release;
		};
		50FFCF9C240BC9440054A937 /* Build configuration list for PBXNativeTarget "NSTableView-VerticalScroll" */ = {
			isa = XCConfigurationList;
			buildConfigurations = (
				50FFCF9D240BC9440054A937 /* Debug */,
				50FFCF9E240BC9440054A937 /* Release */,
			);
			defaultConfigurationIsVisible = 0;
			defaultConfigurationName = Release;
		};
/* End XCConfigurationList section */
	};
	rootObject = 50FFCF84240BC9430054A937 /* Project object */;
}
